github.com/axonops/audit v0.2.4 h1:mDZZzSfU1jImTl/lLYvOaGwg96SaMdDJgAr19C5QyhQ=
github.com/axonops/audit v0.2.4/go.mod h1:utke4Y71RtS24e+bkRRgaQvyu6ht0anU61jxjcNdXIk=
github.com/axonops/audit/file v0.2.4 h1:QhW+hM2/dqok21ytPc5trCWnQuqqOpiHK4hOPcmorjs=
github.com/axonops/audit/file v0.2.4/go.mod h1:jevt1XqDSk6PqSVf8LxZ7t8m2EOV7cWkOo5UA36Aiuk=
github.com/axonops/audit/iouring v0.0.0-20260504172742-a7311e23b1c6 h1:hSS66oOtqv3pduzG0rY3gNeAHDngWhVcjvJ3QIMfl+4=
github.com/axonops/audit/iouring v0.0.0-20260504172742-a7311e23b1c6/go.mod h1:uOXtOGLXheRF1e3lQrTiCtTY0SipPH94czfKTv5sZsU=
github.com/axonops/audit/loki v0.2.4 h1:H8YWB1KVBT599ncTkExh+Qz9R8iOUbuXxxdO+nU5iVc=
github.com/axonops/audit/loki v0.2.4/go.mod h1:Ag2wkMOnHEfcHJmvezsQ6GLf5JmsYxQud5B5I3fijPk=
github.com/axonops/audit/outputconfig v0.2.4 h1:7jXFydjwlAt0e5lNbtdVpYu9wlhC7O8FGvRB5U670LQ=
github.com/axonops/audit/outputconfig v0.2.4/go.mod h1:2E3kGE5jhaX5r9YxLOY1EouBN/mkTTYrTJts5f49lWU=
github.com/axonops/audit/outputs v0.2.4 h1:Y8qVW/bM1rYR1mdgBJb+7YaDXy3qKaiJYEyFwjMd6EE=
github.com/axonops/audit/outputs v0.2.4/go.mod h1:Cbf1FgjBJ8Dtc4TlIuIIGdXlrHjV3YGYlaxnzNtm+qY=
github.com/axonops/audit/secrets v0.2.4 h1:vTXves4xi3ho+F8tu+pEg1pax+TRpFLBascZ9toinC0=
github.com/axonops/audit/secrets v0.2.4/go.mod h1:x3023oK8WrpO8cCJq0OS6uod9XE+ku/WcCxPKGP4M3w=
github.com/axonops/audit/secrets/openbao v0.2.4 h1:wy5yKc++5wEOI77hMi3AcfLen2mRhLqIBIxERiLxhxQ=
github.com/axonops/audit/secrets/openbao v0.2.4/go.mod h1:WAKYv9pkXlSIK7w6JAz9nD6Oz1qcJ6xBOjRYADp99o0=
github.com/axonops/audit/secrets/vault v0.2.4 h1:YHQb1jWsG0Xj2XVWJkpg13BVX0uo3hCLUDDN9/nPM38=
github.com/axonops/audit/secrets/vault v0.2.4/go.mod h1:OUySeLmWMO++6SicG+zd9uLyIlDca2ZYW81Ord0Wqnw=
github.com/axonops/audit/splunk v0.2.4 h1:8dllgZ2v7HamyM9oz//Tu6GnlHDjdWiKlNO4dqLKF1g=
github.com/axonops/audit/splunk v0.2.4/go.mod h1:/Xt4YhwG+kZyBif6bt2jI3Jdt0524YC8LjYY8UdUxcE=
github.com/axonops/audit/syslog v0.2.4 h1:1YoNliWFBiMxIHiQ8CPeHrryMhh3xzIUwUlsWDO7tow=
github.com/axonops/audit/syslog v0.2.4/go.mod h1:6C9wwt7TnleeauXtsVpiwqKQqceQuWf+N44QJ/YkRGI=
github.com/axonops/audit/webhook v0.2.4 h1:kF1c2+cfpxuwPJKRQpMeWjAEPMBBA0upNNcZQUjUKcY=
github.com/axonops/audit/webhook v0.2.4/go.mod h1:qiskieeb6YJ7CnIrx67Hpu3agM702IYVFjKFPIwo190=
github.com/axonops/srslog v1.0.1 h1:TucvspQNxwL18w3xo9r3p+ulxJ5ltR8S9DalDTYDfA4=
github.com/axonops/srslog v1.0.1/go.mod h1:KmR9aaV5bdRj/WE95Nzfwwed8MKdDpjFCcFO5syaJWg=
github.com/axonops/syncmap v1.0.0 h1:LioA4tccTuYsMG+i4XeJJ9tXsoxrbdiLCxUrUmQuN5o=
github.com/axonops/syncmap v1.0.0/go.mod h1:UzPuU30i9SaKB5xYEbkYuuuXcy1yrasWfv+1oZnuVCs=
github.com/davecgh/go-spew v1.1.1 h1:vj9j/u1bqnvCEfJOwUhtlOARqs3+rkHYY13jYWTU97c=
github.com/davecgh/go-spew v1.1.1/go.mod h1:J7Y8YcW2NihsgmVo/mv3lAwl/skON4iLHjSsI+c5H38=
github.com/goccy/go-yaml v1.19.2 h1:PmFC1S6h8ljIz6gMRBopkjP1TVT7xuwrButHID66PoM=
github.com/goccy/go-yaml v1.19.2/go.mod h1:XBurs7gK8ATbW4ZPGKgcbrY1Br56PdM69F7LkFRi1kA=
github.com/pmezard/go-difflib v1.0.0 h1:4DBwDE0NGyQoBHbLQYPwSUPoCMWR5BEzIk/f1lZbAQM=
github.com/pmezard/go-difflib v1.0.0/go.mod h1:iKH77koFhYxTK1pcRnkKkqfTogsbg7gZNVY4sRDYZ/4=
github.com/stretchr/testify v1.11.1 h1:7s2iGBzp5EwR7/aIZr8ao5+dra3wiQyKjjFuvgVKu7U=
github.com/stretchr/testify v1.11.1/go.mod h1:wZwfW3scLgRK+23gO65QZefKpKQRnfz6sD981Nm4B6U=
go.uber.org/goleak v1.3.0 h1:2K3zAYmnTNqV73imy9J1T3WC+gmCePx2hEGkimedGto=
go.uber.org/goleak v1.3.0/go.mod h1:CoHD4mav9JJNrW/WLlf7HGZPjdw8EucARQHekz1X6bE=
golang.org/x/crypto v0.52.0 h1:RMs7fP2rXdep0CftQlK8Uf+kibLm7qkCcradZWYz988=
golang.org/x/crypto v0.52.0/go.mod h1:1QgfPxDqh0T2M/elOJtp9RvuR95kVjir0e6/BvEmGbc=
gopkg.in/check.v1 v0.0.0-20161208181325-20d25e280405 h1:yhCVgyC4o1eVCa2tZl7eS0r+SDo693bJlVdllGtEeKM=
gopkg.in/check.v1 v0.0.0-20161208181325-20d25e280405/go.mod h1:Co6ibVJAznAaIkqp8huTwlJQCZ016jof/cbN4VW5Yz0=
gopkg.in/yaml.v3 v3.0.1 h1:fxVm/GzAzEWqLHuvctI91KS9hhNmmWOoWu0XTYJS7CA=
gopkg.in/yaml.v3 v3.0.1/go.mod h1:K4uyk7z7BCEPqu6E+C64Yfv1cQ7kz7rIZviUmN+EgEM=
pgregory.net/rapid v1.3.0 h1:vBvO0VSqti75J1jjYqpgPNBLKMd1+gxa9fYo7vk/Exc=
pgregory.net/rapid v1.3.0/go.mod h1:dPlE4OBBxgXPqkP79flB6sJL1dx5azpI7HQ9MY9Z7uk=
