github.com/axonops/audit v0.1.9 h1:fcddptoX+Cetr27K7t66m6wK676M+tXm3yHb6eMw8Og=
github.com/axonops/audit v0.1.9/go.mod h1:XxgQyZIAaV3ey5cW2qqDucCM2puaVUSJE9W3+pHitUg=
github.com/axonops/audit/file v0.1.9 h1:ISyd7SBEOwg8h9UKpNB6UMtL9vcR64aK0HOXoylpFUc=
github.com/axonops/audit/file v0.1.9/go.mod h1:JQSQKuaERlSzC00bAx2gqpsR0O9J2eFYH0n0+SZliPI=
github.com/axonops/audit/loki v0.1.9 h1:G20aG7qxbrSMrdc1zsoy6EKBPivIt6R0cFO6/2gPEx4=
github.com/axonops/audit/loki v0.1.9/go.mod h1:0ECpXGsNPvkYQ6Y4IzHtH34VnvpdM/TpD6ck1kj5FFs=
github.com/axonops/audit/syslog v0.1.9 h1:qpE9xxX21XNzFJc5/QvKVBjfDcGryXPXeqpF/JGnDIo=
github.com/axonops/audit/syslog v0.1.9/go.mod h1:iv4QlGt2slk7yu9p4IimWVBAtDGyRgpAo5W+iEWhnsM=
github.com/axonops/audit/webhook v0.1.9 h1:9dgc3dye4xpK7wuwmVwwa/V3M5mZf9kYY700tg1J4Qg=
github.com/axonops/audit/webhook v0.1.9/go.mod h1:gE+I3c/cZ93TMXyKqERak0FRINntU4fg/43A6QFFk10=
github.com/axonops/srslog v1.0.1 h1:TucvspQNxwL18w3xo9r3p+ulxJ5ltR8S9DalDTYDfA4=
github.com/axonops/srslog v1.0.1/go.mod h1:KmR9aaV5bdRj/WE95Nzfwwed8MKdDpjFCcFO5syaJWg=
github.com/davecgh/go-spew v1.1.1 h1:vj9j/u1bqnvCEfJOwUhtlOARqs3+rkHYY13jYWTU97c=
github.com/davecgh/go-spew v1.1.1/go.mod h1:J7Y8YcW2NihsgmVo/mv3lAwl/skON4iLHjSsI+c5H38=
github.com/goccy/go-yaml v1.19.2 h1:PmFC1S6h8ljIz6gMRBopkjP1TVT7xuwrButHID66PoM=
github.com/goccy/go-yaml v1.19.2/go.mod h1:XBurs7gK8ATbW4ZPGKgcbrY1Br56PdM69F7LkFRi1kA=
github.com/pmezard/go-difflib v1.0.0 h1:4DBwDE0NGyQoBHbLQYPwSUPoCMWR5BEzIk/f1lZbAQM=
github.com/pmezard/go-difflib v1.0.0/go.mod h1:iKH77koFhYxTK1pcRnkKkqfTogsbg7gZNVY4sRDYZ/4=
github.com/rgooding/go-syncmap v1.0.1 h1:FNG1ers6J1Y/IGHLd8Su8xrp0mVLNW1pxQhpvhJPFGE=
github.com/rgooding/go-syncmap v1.0.1/go.mod h1:2A4vkLQnpUge7GRBXTMpu77N5JIV1yFPM4RdrY0e754=
github.com/stretchr/testify v1.11.1 h1:7s2iGBzp5EwR7/aIZr8ao5+dra3wiQyKjjFuvgVKu7U=
github.com/stretchr/testify v1.11.1/go.mod h1:wZwfW3scLgRK+23gO65QZefKpKQRnfz6sD981Nm4B6U=
go.uber.org/goleak v1.3.0 h1:2K3zAYmnTNqV73imy9J1T3WC+gmCePx2hEGkimedGto=
go.uber.org/goleak v1.3.0/go.mod h1:CoHD4mav9JJNrW/WLlf7HGZPjdw8EucARQHekz1X6bE=
gopkg.in/check.v1 v0.0.0-20161208181325-20d25e280405 h1:yhCVgyC4o1eVCa2tZl7eS0r+SDo693bJlVdllGtEeKM=
gopkg.in/check.v1 v0.0.0-20161208181325-20d25e280405/go.mod h1:Co6ibVJAznAaIkqp8huTwlJQCZ016jof/cbN4VW5Yz0=
gopkg.in/yaml.v3 v3.0.1 h1:fxVm/GzAzEWqLHuvctI91KS9hhNmmWOoWu0XTYJS7CA=
gopkg.in/yaml.v3 v3.0.1/go.mod h1:K4uyk7z7BCEPqu6E+C64Yfv1cQ7kz7rIZviUmN+EgEM=
